# This file is automatically @generated by Cargo.
# It is not intended for manual editing.
version = 4

[[package]]
name = "analytic-field"
version = "0.1.0"
dependencies = [
 "spatial-math",
]

[[package]]
name = "hello-world"
version = "0.1.0"
dependencies = [
 "analytic-field",
 "spatial-math",
 "world-runtime",
 "world-simulation",
 "world-state",
]

[[package]]
name = "spatial-math"
version = "0.1.0"

[[package]]
name = "world-runtime"
version = "0.1.0"
dependencies = [
 "world-simulation",
 "world-state",
]

[[package]]
name = "world-simulation"
version = "0.1.0"
dependencies = [
 "analytic-field",
 "spatial-math",
 "world-state",
]

[[package]]
name = "world-state"
version = "0.1.0"
dependencies = [
 "analytic-field",
 "spatial-math",
]
